
Microsoft Visual Studio Solution File, Format Version 12.00
# Visual Studio Version 17
VisualStudioVersion = 17.13.35913.81 d17.13
MinimumVisualStudioVersion = 10.0.40219.1
Project("{FAE04EC0-301F-11D3-BF4B-00C04F79EFBC}") = "Lab5", "Lab5\Lab5.csproj", "{8870F9BF-AD89-40F7-8161-481858E38684}"
EndProject
Global
	GlobalSection(SolutionConfigurationPlatforms) = preSolution
		Debug|Any CPU = Debug|Any CPU
		Release|Any CPU = Release|Any CPU
	EndGlobalSection
	GlobalSection(ProjectConfigurationPlatforms) = postSolution
		{8870F9BF-AD89-40F7-8161-481858E38684}.Debug|Any CPU.ActiveCfg = Debug|Any CPU
		{8870F9BF-AD89-40F7-8161-481858E38684}.Debug|Any CPU.Build.0 = Debug|Any CPU
		{8870F9BF-AD89-40F7-8161-481858E38684}.Release|Any CPU.ActiveCfg = Release|Any CPU
		{8870F9BF-AD89-40F7-8161-481858E38684}.Release|Any CPU.Build.0 = Release|Any CPU
	EndGlobalSection
	GlobalSection(SolutionProperties) = preSolution
		HideSolutionNode = FALSE
	EndGlobalSection
	GlobalSection(ExtensibilityGlobals) = postSolution
		SolutionGuid = {705E1706-D1E7-4AA9-8DE9-1498846008DC}
	EndGlobalSection
EndGlobal
